// !$*UTF8*$!
{
	archiveVersion = 1;
	classes = {
	};
	objectVersion = 48;
	objects = {

/* Begin PBXBuildFile section */
		941F74221F4D2C610011C76C /* AppDelegate.m in Sources */ = {isa = PBXBuildFile; fileRef = 941F74211F4D2C610011C76C /* AppDelegate.m */; };
		941F74241F4D2C610011C76C /* Shaders.metal in Sources */ = {isa = PBXBuildFile; fileRef = 941F74231F4D2C610011C76C /* Shaders.metal */; };
		941F74281F4D2C610011C76C /* Renderer.m in Sources */ = {isa = PBXBuildFile; fileRef = 941F74271F4D2C610011C76C /* Renderer.m */; };
		941F742B1F4D2C610011C76C /* ViewController.m in Sources */ = {isa = PBXBuildFile; fileRef = 941F742A1F4D2C610011C76C /* ViewController.m */; };
		941F742E1F4D2C610011C76C /* Main.storyboard in Resources */ = {isa = PBXBuildFile; fileRef = 941F742C1F4D2C610011C76C /* Main.storyboard */; };
		941F74301F4D2C610011C76C /* Assets.xcassets in Resources */ = {isa = PBXBuildFile; fileRef = 941F742F1F4D2C610011C76C /* Assets.xcassets */; };
		941F74331F4D2C610011C76C /* LaunchScreen.storyboard in Resources */ = {isa = PBXBuildFile; fileRef = 941F74311F4D2C610011C76C /* LaunchScreen.storyboard */; };
		941F74361F4D2C610011C76C /* main.m in Sources */ = {isa = PBXBuildFile; fileRef = 941F74351F4D2C610011C76C /* main.m */; };
/* End PBXBuildFile section */

/* Begin PBXFileReference section */
		941F741D1F4D2C610011C76C /* MetalDemo.app */ = {isa = PBXFileReference; explicitFileType = wrapper.application; includeInIndex = 0; path = MetalDemo.app; sourceTree = BUILT_PRODUCTS_DIR; };
		941F74201F4D2C610011C76C /* AppDelegate.h */ = {isa = PBXFileReference; lastKnownFileType = sourcecode.c.h; path = AppDelegate.h; sourceTree = "<group>"; };
		941F74211F4D2C610011C76C /* AppDelegate.m */ = {isa = PBXFileReference; lastKnownFileType = sourcecode.c.objc; path = AppDelegate.m; sourceTree = "<group>"; };
		941F74231F4D2C610011C76C /* Shaders.metal */ = {isa = PBXFileReference; lastKnownFileType = sourcecode.metal; path = Shaders.metal; sourceTree = "<group>"; };
		941F74251F4D2C610011C76C /* ShaderTypes.h */ = {isa = PBXFileReference; lastKnownFileType = sourcecode.c.h; path = ShaderTypes.h; sourceTree = "<group>"; };
		941F74261F4D2C610011C76C /* Renderer.h */ = {isa = PBXFileReference; lastKnownFileType = sourcecode.c.h; path = Renderer.h; sourceTree = "<group>"; };
		941F74271F4D2C610011C76C /* Renderer.m */ = {isa = PBXFileReference; lastKnownFileType = sourcecode.c.objc; path = Renderer.m; sourceTree = "<group>"; };
		941F74291F4D2C610011C76C /* ViewController.h */ = {isa = PBXFileReference; lastKnownFileType = sourcecode.c.h; path = ViewController.h; sourceTree = "<group>"; };
		941F742A1F4D2C610011C76C /* ViewController.m */ = {isa = PBXFileReference; lastKnownFileType = sourcecode.c.objc; path = ViewController.m; sourceTree = "<group>"; };
		941F742D1F4D2C610011C76C /* Base */ = {isa = PBXFileReference; lastKnownFileType = file.storyboard; name = Base; path = Base.lproj/Main.storyboard; sourceTree = "<group>"; };
		941F742F1F4D2C610011C76C /* Assets.xcassets */ = {isa = PBXFileReference; lastKnownFileType = folder.assetcatalog; path = Assets.xcassets; sourceTree = "<group>"; };
		941F74321F4D2C610011C76C /* Base */ = {isa = PBXFileReference; lastKnownFileType = file.storyboard; name = Base; path = Base.lproj/LaunchScreen.storyboard; sourceTree = "<group>"; };
		941F74341F4D2C610011C76C /* Info.plist */ = {isa = PBXFileReference; lastKnownFileType = text.plist.xml; path = Info.plist; sourceTree = "<group>"; };
		941F74351F4D2C610011C76C /* main.m */ = {isa = PBXFileReference; lastKnownFileType = sourcecode.c.objc; path = main.m; sourceTree = "<group>"; };
/* End PBXFileReference section */

/* Begin PBXFrameworksBuildPhase section */
		941F741A1F4D2C610011C76C /* Frameworks */ = {
			isa = PBXFrameworksBuildPhase;
			buildActionMask = 2147483647;
			files = (
			);
			runOnlyForDeploymentPostprocessing = 0;
		};
/* End PBXFrameworksBuildPhase section */

/* Begin PBXGroup section */
		941F74141F4D2C610011C76C = {
			isa = PBXGroup;
			children = (
				941F741F1F4D2C610011C76C /* MetalDemo */,
				941F741E1F4D2C610011C76C /* Products */,
			);
			sourceTree = "<group>";
		};
		941F741E1F4D2C610011C76C /* Products */ = {
			isa = PBXGroup;
			children = (
				941F741D1F4D2C610011C76C /* MetalDemo.app */,
			);
			name = Products;
			sourceTree = "<group>";
		};
		941F741F1F4D2C610011C76C /* MetalDemo */ = {
			isa = PBXGroup;
			children = (
				941F74201F4D2C610011C76C /* AppDelegate.h */,
				941F74211F4D2C610011C76C /* AppDelegate.m */,
				941F74231F4D2C610011C76C /* Shaders.metal */,
				941F74251F4D2C610011C76C /* ShaderTypes.h */,
				941F74261F4D2C610011C76C /* Renderer.h */,
				941F74271F4D2C610011C76C /* Renderer.m */,
				941F74291F4D2C610011C76C /* ViewController.h */,
				941F742A1F4D2C610011C76C /* ViewController.m */,
				941F742C1F4D2C610011C76C /* Main.storyboard */,
				941F742F1F4D2C610011C76C /* Assets.xcassets */,
				941F74311F4D2C610011C76C /* LaunchScreen.storyboard */,
				941F74341F4D2C610011C76C /* Info.plist */,
				941F74351F4D2C610011C76C /* main.m */,
			);
			path = MetalDemo;
			sourceTree = "<group>";
		};
/* End PBXGroup section */

/* Begin PBXNativeTarget section */
		941F741C1F4D2C610011C76C /* MetalDemo */ = {
			isa = PBXNativeTarget;
			buildConfigurationList = 941F74391F4D2C610011C76C /* Build configuration list for PBXNativeTarget "MetalDemo" */;
			buildPhases = (
				941F74191F4D2C610011C76C /* Sources */,
				941F741A1F4D2C610011C76C /* Frameworks */,
				941F741B1F4D2C610011C76C /* Resources */,
			);
			buildRules = (
			);
			dependencies = (
			);
			name = MetalDemo;
			productName = MetalDemo;
			productReference = 941F741D1F4D2C610011C76C /* MetalDemo.app */;
			productType = "com.apple.product-type.application";
		};
/* End PBXNativeTarget section */

/* Begin PBXProject section */
		941F74151F4D2C610011C76C /* Project object */ = {
			isa = PBXProject;
			attributes = {
				LastUpgradeCheck = 0900;
				ORGANIZATIONNAME = ArWriter;
				TargetAttributes = {
					941F741C1F4D2C610011C76C = {
						CreatedOnToolsVersion = 9.0;
						ProvisioningStyle = Automatic;
					};
				};
			};
			buildConfigurationList = 941F74181F4D2C610011C76C /* Build configuration list for PBXProject "MetalDemo" */;
			compatibilityVersion = "Xcode 8.0";
			developmentRegion = en;
			hasScannedForEncodings = 0;
			knownRegions = (
				en,
				Base,
			);
			mainGroup = 941F74141F4D2C610011C76C;
			productRefGroup = 941F741E1F4D2C610011C76C /* Products */;
			projectDirPath = "";
			projectRoot = "";
			targets = (
				941F741C1F4D2C610011C76C /* MetalDemo */,
			);
		};
/* End PBXProject section */

/* Begin PBXResourcesBuildPhase section */
		941F741B1F4D2C610011C76C /* Resources */ = {
			isa = PBXResourcesBuildPhase;
			buildActionMask = 2147483647;
			files = (
				941F74331F4D2C610011C76C /* LaunchScreen.storyboard in Resources */,
				941F74301F4D2C610011C76C /* Assets.xcassets in Resources */,
				941F742E1F4D2C610011C76C /* Main.storyboard in Resources */,
			);
			runOnlyForDeploymentPostprocessing = 0;
		};
/* End PBXResourcesBuildPhase section */

/* Begin PBXSourcesBuildPhase section */
		941F74191F4D2C610011C76C /* Sources */ = {
			isa = PBXSourcesBuildPhase;
			buildActionMask = 2147483647;
			files = (
				941F74361F4D2C610011C76C /* main.m in Sources */,
				941F74241F4D2C610011C76C /* Shaders.metal in Sources */,
				941F74221F4D2C610011C76C /* AppDelegate.m in Sources */,
				941F742B1F4D2C610011C76C /* ViewController.m in Sources */,
				941F74281F4D2C610011C76C /* Renderer.m in Sources */,
			);
			runOnlyForDeploymentPostprocessing = 0;
		};
/* End PBXSourcesBuildPhase section */

/* Begin PBXVariantGroup section */
		941F742C1F4D2C610011C76C /* Main.storyboard */ = {
			isa = PBXVariantGroup;
			children = (
				941F742D1F4D2C610011C76C /* Base */,
			);
			name = Main.storyboard;
			sourceTree = "<group>";
		};
		941F74311F4D2C610011C76C /* LaunchScreen.storyboard */ = {
			isa = PBXVariantGroup;
			children = (
				941F74321F4D2C610011C76C /* Base */,
			);
			name = LaunchScreen.storyboard;
			sourceTree = "<group>";
		};
/* End PBXVariantGroup section */

/* Begin XCBuildConfiguration section */
		941F74371F4D2C610011C76C /* Debug */ = {
			isa = XCBuildConfiguration;
			buildSettings = {
				ALWAYS_SEARCH_USER_PATHS = NO;
				CLANG_ANALYZER_NONNULL = YES;
				CLANG_ANALYZER_NUMBER_OBJECT_CONVERSION = YES_AGGRESSIVE;
				CLANG_CXX_LANGUAGE_STANDARD = "gnu++14";
				CLANG_CXX_LIBRARY = "libc++";
				CLANG_ENABLE_MODULES = YES;
				CLANG_ENABLE_OBJC_ARC = YES;
				CLANG_WARN_BLOCK_CAPTURE_AUTORELEASING = YES;
				CLANG_WARN_BOOL_CONVERSION = YES;
				CLANG_WARN_COMMA = YES;
				CLANG_WARN_CONSTANT_CONVERSION = YES;
				CLANG_WARN_DIRECT_OBJC_ISA_USAGE = YES_ERROR;
				CLANG_WARN_DOCUMENTATION_COMMENTS = YES;
				CLANG_WARN_EMPTY_BODY = YES;
				CLANG_WARN_ENUM_CONVERSION = YES;
				CLANG_WARN_INFINITE_RECURSION = YES;
				CLANG_WARN_INT_CONVERSION = YES;
				CLANG_WARN_NON_LITERAL_NULL_CONVERSION = YES;
				CLANG_WARN_OBJC_LITERAL_CONVERSION = YES;
				CLANG_WARN_OBJC_ROOT_CLASS = YES_ERROR;
				CLANG_WARN_RANGE_LOOP_ANALYSIS = YES;
				CLANG_WARN_STRICT_PROTOTYPES = YES;
				CLANG_WARN_SUSPICIOUS_MOVE = YES;
				CLANG_WARN_UNGUARDED_AVAILABILITY = YES_AGGRESSIVE;
				CLANG_WARN_UNREACHABLE_CODE = YES;
				CLANG_WARN__DUPLICATE_METHOD_MATCH = YES;
				CODE_SIGN_IDENTITY = "iPhone Developer";
				COPY_PHASE_STRIP = NO;
				DEBUG_INFORMATION_FORMAT = dwarf;
				ENABLE_STRICT_OBJC_MSGSEND = YES;
				ENABLE_TESTABILITY = YES;
				GCC_C_LANGUAGE_STANDARD = gnu11;
				GCC_DYNAMIC_NO_PIC = NO;
				GCC_NO_COMMON_BLOCKS = YES;
				GCC_OPTIMIZATION_LEVEL = 0;
				GCC_PREPROCESSOR_DEFINITIONS = (
					"DEBUG=1",
					"$(inherited)",
				);
				GCC_WARN_64_TO_32_BIT_CONVERSION = YES;
				GCC_WARN_ABOUT_RETURN_TYPE = YES_ERROR;
				GCC_WARN_UNDECLARED_SELECTOR = YES;
				GCC_WARN_UNINITIALIZED_AUTOS = YES_AGGRESSIVE;
				GCC_WARN_UNUSED_FUNCTION = YES;
				GCC_WARN_UNUSED_VARIABLE = YES;
				IPHONEOS_DEPLOYMENT_TARGET = 11.0;
				MTL_ENABLE_DEBUG_INFO = YES;
				ONLY_ACTIVE_ARCH = YES;
				SDKROOT = iphoneos;
			};
			name = Debug;
		};
		941F74381F4D2C610011C76C /* Release */ = {
			isa = XCBuildConfiguration;
			buildSettings = {
				ALWAYS_SEARCH_USER_PATHS = NO;
				CLANG_ANALYZER_NONNULL = YES;
				CLANG_ANALYZER_NUMBER_OBJECT_CONVERSION = YES_AGGRESSIVE;
				CLANG_CXX_LANGUAGE_STANDARD = "gnu++14";
				CLANG_CXX_LIBRARY = "libc++";
				CLANG_ENABLE_MODULES = YES;
				CLANG_ENABLE_OBJC_ARC = YES;
				CLANG_WARN_BLOCK_CAPTURE_AUTORELEASING = YES;
				CLANG_WARN_BOOL_CONVERSION = YES;
				CLANG_WARN_COMMA = YES;
				CLANG_WARN_CONSTANT_CONVERSION = YES;
				CLANG_WARN_DIRECT_OBJC_ISA_USAGE = YES_ERROR;
				CLANG_WARN_DOCUMENTATION_COMMENTS = YES;
				CLANG_WARN_EMPTY_BODY = YES;
				CLANG_WARN_ENUM_CONVERSION = YES;
				CLANG_WARN_INFINITE_RECURSION = YES;
				CLANG_WARN_INT_CONVERSION = YES;
				CLANG_WARN_NON_LITERAL_NULL_CONVERSION = YES;
				CLANG_WARN_OBJC_LITERAL_CONVERSION = YES;
				CLANG_WARN_OBJC_ROOT_CLASS = YES_ERROR;
				CLANG_WARN_RANGE_LOOP_ANALYSIS = YES;
				CLANG_WARN_STRICT_PROTOTYPES = YES;
				CLANG_WARN_SUSPICIOUS_MOVE = YES;
				CLANG_WARN_UNGUARDED_AVAILABILITY = YES_AGGRESSIVE;
				CLANG_WARN_UNREACHABLE_CODE = YES;
				CLANG_WARN__DUPLICATE_METHOD_MATCH = YES;
				CODE_SIGN_IDENTITY = "iPhone Developer";
				COPY_PHASE_STRIP = NO;
				DEBUG_INFORMATION_FORMAT = "dwarf-with-dsym";
				ENABLE_NS_ASSERTIONS = NO;
				ENABLE_STRICT_OBJC_MSGSEND = YES;
				GCC_C_LANGUAGE_STANDARD = gnu11;
				GCC_NO_COMMON_BLOCKS = YES;
				GCC_WARN_64_TO_32_BIT_CONVERSION = YES;
				GCC_WARN_ABOUT_RETURN_TYPE = YES_ERROR;
				GCC_WARN_UNDECLARED_SELECTOR = YES;
				GCC_WARN_UNINITIALIZED_AUTOS = YES_AGGRESSIVE;
				GCC_WARN_UNUSED_FUNCTION = YES;
				GCC_WARN_UNUSED_VARIABLE = YES;
				IPHONEOS_DEPLOYMENT_TARGET = 11.0;
				MTL_ENABLE_DEBUG_INFO = NO;
				SDKROOT = iphoneos;
				VALIDATE_PRODUCT = YES;
			};
			name = Release;
		};
		941F743A1F4D2C610011C76C /* Debug */ = {
			isa = XCBuildConfiguration;
			buildSettings = {
				ASSETCATALOG_COMPILER_APPICON_NAME = AppIcon;
				CODE_SIGN_STYLE = Automatic;
				DEVELOPMENT_TEAM = KR6EC3MJZK;
				INFOPLIST_FILE = MetalDemo/Info.plist;
				LD_RUNPATH_SEARCH_PATHS = "$(inherited) @executable_path/Frameworks";
				PRODUCT_BUNDLE_IDENTIFIER = "com.-.MetalDemo";
				PRODUCT_NAME = "$(TARGET_NAME)";
				TARGETED_DEVICE_FAMILY = "1,2";
			};
			name = Debug;
		};
		941F743B1F4D2C610011C76C /* Release */ = {
			isa = XCBuildConfiguration;
			buildSettings = {
				ASSETCATALOG_COMPILER_APPICON_NAME = AppIcon;
				CODE_SIGN_STYLE = Automatic;
				DEVELOPMENT_TEAM = KR6EC3MJZK;
				INFOPLIST_FILE = MetalDemo/Info.plist;
				LD_RUNPATH_SEARCH_PATHS = "$(inherited) @executable_path/Frameworks";
				PRODUCT_BUNDLE_IDENTIFIER = "com.-.MetalDemo";
				PRODUCT_NAME = "$(TARGET_NAME)";
				TARGETED_DEVICE_FAMILY = "1,2";
			};
			name = Release;
		};
/* End XCBuildConfiguration section */

/* Begin XCConfigurationList section */
		941F74181F4D2C610011C76C /* Build configuration list for PBXProject "MetalDemo" */ = {
			isa = XCConfigurationList;
			buildConfigurations = (
				941F74371F4D2C610011C76C /* Debug */,
				941F74381F4D2C610011C76C /* Release */,
			);
			defaultConfigurationIsVisible = 0;
			defaultConfigurationName = Release;
		};
		941F74391F4D2C610011C76C /* Build configuration list for PBXNativeTarget "MetalDemo" */ = {
			isa = XCConfigurationList;
			buildConfigurations = (
				941F743A1F4D2C610011C76C /* Debug */,
				941F743B1F4D2C610011C76C /* Release */,
			);
			defaultConfigurationIsVisible = 0;
			defaultConfigurationName = Release;
		};
/* End XCConfigurationList section */
	};
	rootObject = 941F74151F4D2C610011C76C /* Project object */;
}
