// !$*UTF8*$!
{
	archiveVersion = 1;
	classes = {
	};
	objectVersion = 48;
	objects = {

/* Begin PBXBuildFile section */
		946C717B1F6FD3E4007A3731 /* AppDelegate.m in Sources */ = {isa = PBXBuildFile; fileRef = 946C717A1F6FD3E4007A3731 /* AppDelegate.m */; };
		946C717E1F6FD3E4007A3731 /* ViewController.m in Sources */ = {isa = PBXBuildFile; fileRef = 946C717D1F6FD3E4007A3731 /* ViewController.m */; };
		946C71811F6FD3E4007A3731 /* Main.storyboard in Resources */ = {isa = PBXBuildFile; fileRef = 946C717F1F6FD3E4007A3731 /* Main.storyboard */; };
		946C71831F6FD3E4007A3731 /* Assets.xcassets in Resources */ = {isa = PBXBuildFile; fileRef = 946C71821F6FD3E4007A3731 /* Assets.xcassets */; };
		946C71861F6FD3E4007A3731 /* LaunchScreen.storyboard in Resources */ = {isa = PBXBuildFile; fileRef = 946C71841F6FD3E4007A3731 /* LaunchScreen.storyboard */; };
		946C71891F6FD3E4007A3731 /* main.m in Sources */ = {isa = PBXBuildFile; fileRef = 946C71881F6FD3E4007A3731 /* main.m */; };
		94B84D511F70CBA900114A31 /* PlaneNode.m in Sources */ = {isa = PBXBuildFile; fileRef = 94B84D501F70CBA900114A31 /* PlaneNode.m */; };
		94B84D541F70D1A000114A31 /* scene.scn in Resources */ = {isa = PBXBuildFile; fileRef = 94B84D531F70D1A000114A31 /* scene.scn */; };
/* End PBXBuildFile section */

/* Begin PBXFileReference section */
		946C71761F6FD3E4007A3731 /* Demo_1.app */ = {isa = PBXFileReference; explicitFileType = wrapper.application; includeInIndex = 0; path = Demo_1.app; sourceTree = BUILT_PRODUCTS_DIR; };
		946C71791F6FD3E4007A3731 /* AppDelegate.h */ = {isa = PBXFileReference; lastKnownFileType = sourcecode.c.h; path = AppDelegate.h; sourceTree = "<group>"; };
		946C717A1F6FD3E4007A3731 /* AppDelegate.m */ = {isa = PBXFileReference; lastKnownFileType = sourcecode.c.objc; path = AppDelegate.m; sourceTree = "<group>"; };
		946C717C1F6FD3E4007A3731 /* ViewController.h */ = {isa = PBXFileReference; lastKnownFileType = sourcecode.c.h; path = ViewController.h; sourceTree = "<group>"; };
		946C717D1F6FD3E4007A3731 /* ViewController.m */ = {isa = PBXFileReference; lastKnownFileType = sourcecode.c.objc; path = ViewController.m; sourceTree = "<group>"; };
		946C71801F6FD3E4007A3731 /* Base */ = {isa = PBXFileReference; lastKnownFileType = file.storyboard; name = Base; path = Base.lproj/Main.storyboard; sourceTree = "<group>"; };
		946C71821F6FD3E4007A3731 /* Assets.xcassets */ = {isa = PBXFileReference; lastKnownFileType = folder.assetcatalog; path = Assets.xcassets; sourceTree = "<group>"; };
		946C71851F6FD3E4007A3731 /* Base */ = {isa = PBXFileReference; lastKnownFileType = file.storyboard; name = Base; path = Base.lproj/LaunchScreen.storyboard; sourceTree = "<group>"; };
		946C71871F6FD3E4007A3731 /* Info.plist */ = {isa = PBXFileReference; lastKnownFileType = text.plist.xml; path = Info.plist; sourceTree = "<group>"; };
		946C71881F6FD3E4007A3731 /* main.m */ = {isa = PBXFileReference; lastKnownFileType = sourcecode.c.objc; path = main.m; sourceTree = "<group>"; };
		94B84D4F1F70CBA900114A31 /* PlaneNode.h */ = {isa = PBXFileReference; lastKnownFileType = sourcecode.c.h; path = PlaneNode.h; sourceTree = "<group>"; };
		94B84D501F70CBA900114A31 /* PlaneNode.m */ = {isa = PBXFileReference; lastKnownFileType = sourcecode.c.objc; path = PlaneNode.m; sourceTree = "<group>"; };
		94B84D531F70D1A000114A31 /* scene.scn */ = {isa = PBXFileReference; lastKnownFileType = file.bplist; path = scene.scn; sourceTree = "<group>"; };
		94B84D551F70DADF00114A31 /* materals.png */ = {isa = PBXFileReference; lastKnownFileType = image.png; path = materals.png; sourceTree = "<group>"; };
/* End PBXFileReference section */

/* Begin PBXFrameworksBuildPhase section */
		946C71731F6FD3E4007A3731 /* Frameworks */ = {
			isa = PBXFrameworksBuildPhase;
			buildActionMask = 2147483647;
			files = (
			);
			runOnlyForDeploymentPostprocessing = 0;
		};
/* End PBXFrameworksBuildPhase section */

/* Begin PBXGroup section */
		946C716D1F6FD3E4007A3731 = {
			isa = PBXGroup;
			children = (
				946C71781F6FD3E4007A3731 /* Demo_1 */,
				946C71771F6FD3E4007A3731 /* Products */,
			);
			sourceTree = "<group>";
		};
		946C71771F6FD3E4007A3731 /* Products */ = {
			isa = PBXGroup;
			children = (
				946C71761F6FD3E4007A3731 /* Demo_1.app */,
			);
			name = Products;
			sourceTree = "<group>";
		};
		946C71781F6FD3E4007A3731 /* Demo_1 */ = {
			isa = PBXGroup;
			children = (
				94B84D4F1F70CBA900114A31 /* PlaneNode.h */,
				94B84D501F70CBA900114A31 /* PlaneNode.m */,
				946C71791F6FD3E4007A3731 /* AppDelegate.h */,
				946C717A1F6FD3E4007A3731 /* AppDelegate.m */,
				946C717C1F6FD3E4007A3731 /* ViewController.h */,
				946C717D1F6FD3E4007A3731 /* ViewController.m */,
				946C717F1F6FD3E4007A3731 /* Main.storyboard */,
				946C71821F6FD3E4007A3731 /* Assets.xcassets */,
				946C71841F6FD3E4007A3731 /* LaunchScreen.storyboard */,
				946C71871F6FD3E4007A3731 /* Info.plist */,
				946C71881F6FD3E4007A3731 /* main.m */,
				94B84D551F70DADF00114A31 /* materals.png */,
				94B84D531F70D1A000114A31 /* scene.scn */,
			);
			path = Demo_1;
			sourceTree = "<group>";
		};
/* End PBXGroup section */

/* Begin PBXNativeTarget section */
		946C71751F6FD3E4007A3731 /* Demo_1 */ = {
			isa = PBXNativeTarget;
			buildConfigurationList = 946C718C1F6FD3E4007A3731 /* Build configuration list for PBXNativeTarget "Demo_1" */;
			buildPhases = (
				946C71721F6FD3E4007A3731 /* Sources */,
				946C71731F6FD3E4007A3731 /* Frameworks */,
				946C71741F6FD3E4007A3731 /* Resources */,
			);
			buildRules = (
			);
			dependencies = (
			);
			name = Demo_1;
			productName = Demo_1;
			productReference = 946C71761F6FD3E4007A3731 /* Demo_1.app */;
			productType = "com.apple.product-type.application";
		};
/* End PBXNativeTarget section */

/* Begin PBXProject section */
		946C716E1F6FD3E4007A3731 /* Project object */ = {
			isa = PBXProject;
			attributes = {
				LastUpgradeCheck = 0900;
				ORGANIZATIONNAME = ArWriter;
				TargetAttributes = {
					946C71751F6FD3E4007A3731 = {
						CreatedOnToolsVersion = 9.0;
						ProvisioningStyle = Automatic;
					};
				};
			};
			buildConfigurationList = 946C71711F6FD3E4007A3731 /* Build configuration list for PBXProject "Demo_1" */;
			compatibilityVersion = "Xcode 8.0";
			developmentRegion = en;
			hasScannedForEncodings = 0;
			knownRegions = (
				en,
				Base,
			);
			mainGroup = 946C716D1F6FD3E4007A3731;
			productRefGroup = 946C71771F6FD3E4007A3731 /* Products */;
			projectDirPath = "";
			projectRoot = "";
			targets = (
				946C71751F6FD3E4007A3731 /* Demo_1 */,
			);
		};
/* End PBXProject section */

/* Begin PBXResourcesBuildPhase section */
		946C71741F6FD3E4007A3731 /* Resources */ = {
			isa = PBXResourcesBuildPhase;
			buildActionMask = 2147483647;
			files = (
				946C71861F6FD3E4007A3731 /* LaunchScreen.storyboard in Resources */,
				94B84D541F70D1A000114A31 /* scene.scn in Resources */,
				946C71831F6FD3E4007A3731 /* Assets.xcassets in Resources */,
				946C71811F6FD3E4007A3731 /* Main.storyboard in Resources */,
			);
			runOnlyForDeploymentPostprocessing = 0;
		};
/* End PBXResourcesBuildPhase section */

/* Begin PBXSourcesBuildPhase section */
		946C71721F6FD3E4007A3731 /* Sources */ = {
			isa = PBXSourcesBuildPhase;
			buildActionMask = 2147483647;
			files = (
				94B84D511F70CBA900114A31 /* PlaneNode.m in Sources */,
				946C717E1F6FD3E4007A3731 /* ViewController.m in Sources */,
				946C71891F6FD3E4007A3731 /* main.m in Sources */,
				946C717B1F6FD3E4007A3731 /* AppDelegate.m in Sources */,
			);
			runOnlyForDeploymentPostprocessing = 0;
		};
/* End PBXSourcesBuildPhase section */

/* Begin PBXVariantGroup section */
		946C717F1F6FD3E4007A3731 /* Main.storyboard */ = {
			isa = PBXVariantGroup;
			children = (
				946C71801F6FD3E4007A3731 /* Base */,
			);
			name = Main.storyboard;
			sourceTree = "<group>";
		};
		946C71841F6FD3E4007A3731 /* LaunchScreen.storyboard */ = {
			isa = PBXVariantGroup;
			children = (
				946C71851F6FD3E4007A3731 /* Base */,
			);
			name = LaunchScreen.storyboard;
			sourceTree = "<group>";
		};
/* End PBXVariantGroup section */

/* Begin XCBuildConfiguration section */
		946C718A1F6FD3E4007A3731 /* Debug */ = {
			isa = XCBuildConfiguration;
			buildSettings = {
				ALWAYS_SEARCH_USER_PATHS = NO;
				CLANG_ANALYZER_NONNULL = YES;
				CLANG_ANALYZER_NUMBER_OBJECT_CONVERSION = YES_AGGRESSIVE;
				CLANG_CXX_LANGUAGE_STANDARD = "gnu++14";
				CLANG_CXX_LIBRARY = "libc++";
				CLANG_ENABLE_MODULES = YES;
				CLANG_ENABLE_OBJC_ARC = YES;
				CLANG_WARN_BLOCK_CAPTURE_AUTORELEASING = YES;
				CLANG_WARN_BOOL_CONVERSION = YES;
				CLANG_WARN_COMMA = YES;
				CLANG_WARN_CONSTANT_CONVERSION = YES;
				CLANG_WARN_DIRECT_OBJC_ISA_USAGE = YES_ERROR;
				CLANG_WARN_DOCUMENTATION_COMMENTS = YES;
				CLANG_WARN_EMPTY_BODY = YES;
				CLANG_WARN_ENUM_CONVERSION = YES;
				CLANG_WARN_INFINITE_RECURSION = YES;
				CLANG_WARN_INT_CONVERSION = YES;
				CLANG_WARN_NON_LITERAL_NULL_CONVERSION = YES;
				CLANG_WARN_OBJC_LITERAL_CONVERSION = YES;
				CLANG_WARN_OBJC_ROOT_CLASS = YES_ERROR;
				CLANG_WARN_RANGE_LOOP_ANALYSIS = YES;
				CLANG_WARN_STRICT_PROTOTYPES = YES;
				CLANG_WARN_SUSPICIOUS_MOVE = YES;
				CLANG_WARN_UNGUARDED_AVAILABILITY = YES_AGGRESSIVE;
				CLANG_WARN_UNREACHABLE_CODE = YES;
				CLANG_WARN__DUPLICATE_METHOD_MATCH = YES;
				CODE_SIGN_IDENTITY = "iPhone Developer";
				COPY_PHASE_STRIP = NO;
				DEBUG_INFORMATION_FORMAT = dwarf;
				ENABLE_STRICT_OBJC_MSGSEND = YES;
				ENABLE_TESTABILITY = YES;
				GCC_C_LANGUAGE_STANDARD = gnu11;
				GCC_DYNAMIC_NO_PIC = NO;
				GCC_NO_COMMON_BLOCKS = YES;
				GCC_OPTIMIZATION_LEVEL = 0;
				GCC_PREPROCESSOR_DEFINITIONS = (
					"DEBUG=1",
					"$(inherited)",
				);
				GCC_WARN_64_TO_32_BIT_CONVERSION = YES;
				GCC_WARN_ABOUT_RETURN_TYPE = YES_ERROR;
				GCC_WARN_UNDECLARED_SELECTOR = YES;
				GCC_WARN_UNINITIALIZED_AUTOS = YES_AGGRESSIVE;
				GCC_WARN_UNUSED_FUNCTION = YES;
				GCC_WARN_UNUSED_VARIABLE = YES;
				IPHONEOS_DEPLOYMENT_TARGET = 11.0;
				MTL_ENABLE_DEBUG_INFO = YES;
				ONLY_ACTIVE_ARCH = YES;
				SDKROOT = iphoneos;
			};
			name = Debug;
		};
		946C718B1F6FD3E4007A3731 /* Release */ = {
			isa = XCBuildConfiguration;
			buildSettings = {
				ALWAYS_SEARCH_USER_PATHS = NO;
				CLANG_ANALYZER_NONNULL = YES;
				CLANG_ANALYZER_NUMBER_OBJECT_CONVERSION = YES_AGGRESSIVE;
				CLANG_CXX_LANGUAGE_STANDARD = "gnu++14";
				CLANG_CXX_LIBRARY = "libc++";
				CLANG_ENABLE_MODULES = YES;
				CLANG_ENABLE_OBJC_ARC = YES;
				CLANG_WARN_BLOCK_CAPTURE_AUTORELEASING = YES;
				CLANG_WARN_BOOL_CONVERSION = YES;
				CLANG_WARN_COMMA = YES;
				CLANG_WARN_CONSTANT_CONVERSION = YES;
				CLANG_WARN_DIRECT_OBJC_ISA_USAGE = YES_ERROR;
				CLANG_WARN_DOCUMENTATION_COMMENTS = YES;
				CLANG_WARN_EMPTY_BODY = YES;
				CLANG_WARN_ENUM_CONVERSION = YES;
				CLANG_WARN_INFINITE_RECURSION = YES;
				CLANG_WARN_INT_CONVERSION = YES;
				CLANG_WARN_NON_LITERAL_NULL_CONVERSION = YES;
				CLANG_WARN_OBJC_LITERAL_CONVERSION = YES;
				CLANG_WARN_OBJC_ROOT_CLASS = YES_ERROR;
				CLANG_WARN_RANGE_LOOP_ANALYSIS = YES;
				CLANG_WARN_STRICT_PROTOTYPES = YES;
				CLANG_WARN_SUSPICIOUS_MOVE = YES;
				CLANG_WARN_UNGUARDED_AVAILABILITY = YES_AGGRESSIVE;
				CLANG_WARN_UNREACHABLE_CODE = YES;
				CLANG_WARN__DUPLICATE_METHOD_MATCH = YES;
				CODE_SIGN_IDENTITY = "iPhone Developer";
				COPY_PHASE_STRIP = NO;
				DEBUG_INFORMATION_FORMAT = "dwarf-with-dsym";
				ENABLE_NS_ASSERTIONS = NO;
				ENABLE_STRICT_OBJC_MSGSEND = YES;
				GCC_C_LANGUAGE_STANDARD = gnu11;
				GCC_NO_COMMON_BLOCKS = YES;
				GCC_WARN_64_TO_32_BIT_CONVERSION = YES;
				GCC_WARN_ABOUT_RETURN_TYPE = YES_ERROR;
				GCC_WARN_UNDECLARED_SELECTOR = YES;
				GCC_WARN_UNINITIALIZED_AUTOS = YES_AGGRESSIVE;
				GCC_WARN_UNUSED_FUNCTION = YES;
				GCC_WARN_UNUSED_VARIABLE = YES;
				IPHONEOS_DEPLOYMENT_TARGET = 11.0;
				MTL_ENABLE_DEBUG_INFO = NO;
				SDKROOT = iphoneos;
				VALIDATE_PRODUCT = YES;
			};
			name = Release;
		};
		946C718D1F6FD3E4007A3731 /* Debug */ = {
			isa = XCBuildConfiguration;
			buildSettings = {
				ASSETCATALOG_COMPILER_APPICON_NAME = AppIcon;
				CODE_SIGN_STYLE = Automatic;
				DEVELOPMENT_TEAM = A9WH5BJ8WQ;
				INFOPLIST_FILE = Demo_1/Info.plist;
				LD_RUNPATH_SEARCH_PATHS = "$(inherited) @executable_path/Frameworks";
				PRODUCT_BUNDLE_IDENTIFIER = "com.oc.Demo-1";
				PRODUCT_NAME = "$(TARGET_NAME)";
				TARGETED_DEVICE_FAMILY = "1,2";
			};
			name = Debug;
		};
		946C718E1F6FD3E4007A3731 /* Release */ = {
			isa = XCBuildConfiguration;
			buildSettings = {
				ASSETCATALOG_COMPILER_APPICON_NAME = AppIcon;
				CODE_SIGN_STYLE = Automatic;
				DEVELOPMENT_TEAM = A9WH5BJ8WQ;
				INFOPLIST_FILE = Demo_1/Info.plist;
				LD_RUNPATH_SEARCH_PATHS = "$(inherited) @executable_path/Frameworks";
				PRODUCT_BUNDLE_IDENTIFIER = "com.oc.Demo-1";
				PRODUCT_NAME = "$(TARGET_NAME)";
				TARGETED_DEVICE_FAMILY = "1,2";
			};
			name = Release;
		};
/* End XCBuildConfiguration section */

/* Begin XCConfigurationList section */
		946C71711F6FD3E4007A3731 /* Build configuration list for PBXProject "Demo_1" */ = {
			isa = XCConfigurationList;
			buildConfigurations = (
				946C718A1F6FD3E4007A3731 /* Debug */,
				946C718B1F6FD3E4007A3731 /* Release */,
			);
			defaultConfigurationIsVisible = 0;
			defaultConfigurationName = Release;
		};
		946C718C1F6FD3E4007A3731 /* Build configuration list for PBXNativeTarget "Demo_1" */ = {
			isa = XCConfigurationList;
			buildConfigurations = (
				946C718D1F6FD3E4007A3731 /* Debug */,
				946C718E1F6FD3E4007A3731 /* Release */,
			);
			defaultConfigurationIsVisible = 0;
			defaultConfigurationName = Release;
		};
/* End XCConfigurationList section */
	};
	rootObject = 946C716E1F6FD3E4007A3731 /* Project object */;
}
